// !$*UTF8*$!
{
	archiveVersion = 1;
	classes = {
	};
	objectVersion = 46;
	objects = {

/* Begin PBXBuildFile section */
		A569F8541E841E9A00D266A2 /* AppDelegate.swift in Sources */ = {isa = PBXBuildFile; fileRef = A569F8531E841E9A00D266A2 /* AppDelegate.swift */; };
		A569F8561E841E9A00D266A2 /* ViewController.swift in Sources */ = {isa = PBXBuildFile; fileRef = A569F8551E841E9A00D266A2 /* ViewController.swift */; };
		A569F8591E841E9A00D266A2 /* Main.storyboard in Resources */ = {isa = PBXBuildFile; fileRef = A569F8571E841E9A00D266A2 /* Main.storyboard */; };
		A569F85B1E841E9A00D266A2 /* Assets.xcassets in Resources */ = {isa = PBXBuildFile; fileRef = A569F85A1E841E9A00D266A2 /* Assets.xcassets */; };
		A569F85E1E841E9A00D266A2 /* LaunchScreen.storyboard in Resources */ = {isa = PBXBuildFile; fileRef = A569F85C1E841E9A00D266A2 /* LaunchScreen.storyboard */; };
		A5BF3EC01E854BB300A9C9FF /* bip.mp3 in Resources */ = {isa = PBXBuildFile; fileRef = A5BF3EBF1E854BB300A9C9FF /* bip.mp3 */; };
		A5CAC3C41E855036000EDBFC /* alarm.mp3 in Resources */ = {isa = PBXBuildFile; fileRef = A5CAC3C31E855036000EDBFC /* alarm.mp3 */; };
/* End PBXBuildFile section */

/* Begin PBXFileReference section */
		A569F8501E841E9A00D266A2 /* Minuteur.app */ = {isa = PBXFileReference; explicitFileType = wrapper.application; includeInIndex = 0; path = Minuteur.app; sourceTree = BUILT_PRODUCTS_DIR; };
		A569F8531E841E9A00D266A2 /* AppDelegate.swift */ = {isa = PBXFileReference; lastKnownFileType = sourcecode.swift; path = AppDelegate.swift; sourceTree = "<group>"; };
		A569F8551E841E9A00D266A2 /* ViewController.swift */ = {isa = PBXFileReference; lastKnownFileType = sourcecode.swift; path = ViewController.swift; sourceTree = "<group>"; };
		A569F8581E841E9A00D266A2 /* Base */ = {isa = PBXFileReference; lastKnownFileType = file.storyboard; name = Base; path = Base.lproj/Main.storyboard; sourceTree = "<group>"; };
		A569F85A1E841E9A00D266A2 /* Assets.xcassets */ = {isa = PBXFileReference; lastKnownFileType = folder.assetcatalog; path = Assets.xcassets; sourceTree = "<group>"; };
		A569F85D1E841E9A00D266A2 /* Base */ = {isa = PBXFileReference; lastKnownFileType = file.storyboard; name = Base; path = Base.lproj/LaunchScreen.storyboard; sourceTree = "<group>"; };
		A569F85F1E841E9A00D266A2 /* Info.plist */ = {isa = PBXFileReference; lastKnownFileType = text.plist.xml; path = Info.plist; sourceTree = "<group>"; };
		A5BF3EBF1E854BB300A9C9FF /* bip.mp3 */ = {isa = PBXFileReference; lastKnownFileType = audio.mp3; path = bip.mp3; sourceTree = "<group>"; };
		A5CAC3C31E855036000EDBFC /* alarm.mp3 */ = {isa = PBXFileReference; lastKnownFileType = audio.mp3; path = alarm.mp3; sourceTree = "<group>"; };
/* End PBXFileReference section */

/* Begin PBXFrameworksBuildPhase section */
		A569F84D1E841E9A00D266A2 /* Frameworks */ = {
			isa = PBXFrameworksBuildPhase;
			buildActionMask = 2147483647;
			files = (
			);
			runOnlyForDeploymentPostprocessing = 0;
		};
/* End PBXFrameworksBuildPhase section */

/* Begin PBXGroup section */
		A569F8471E841E9A00D266A2 = {
			isa = PBXGroup;
			children = (
				A569F8521E841E9A00D266A2 /* Minuteur */,
				A569F8511E841E9A00D266A2 /* Products */,
			);
			sourceTree = "<group>";
		};
		A569F8511E841E9A00D266A2 /* Products */ = {
			isa = PBXGroup;
			children = (
				A569F8501E841E9A00D266A2 /* Minuteur.app */,
			);
			name = Products;
			sourceTree = "<group>";
		};
		A569F8521E841E9A00D266A2 /* Minuteur */ = {
			isa = PBXGroup;
			children = (
				A569F8531E841E9A00D266A2 /* AppDelegate.swift */,
				A569F8551E841E9A00D266A2 /* ViewController.swift */,
				A569F8571E841E9A00D266A2 /* Main.storyboard */,
				A5CAC3C31E855036000EDBFC /* alarm.mp3 */,
				A5BF3EBF1E854BB300A9C9FF /* bip.mp3 */,
				A569F85A1E841E9A00D266A2 /* Assets.xcassets */,
				A569F85C1E841E9A00D266A2 /* LaunchScreen.storyboard */,
				A569F85F1E841E9A00D266A2 /* Info.plist */,
			);
			path = Minuteur;
			sourceTree = "<group>";
		};
/* End PBXGroup section */

/* Begin PBXNativeTarget section */
		A569F84F1E841E9A00D266A2 /* Minuteur */ = {
			isa = PBXNativeTarget;
			buildConfigurationList = A569F8621E841E9A00D266A2 /* Build configuration list for PBXNativeTarget "Minuteur" */;
			buildPhases = (
				A569F84C1E841E9A00D266A2 /* Sources */,
				A569F84D1E841E9A00D266A2 /* Frameworks */,
				A569F84E1E841E9A00D266A2 /* Resources */,
			);
			buildRules = (
			);
			dependencies = (
			);
			name = Minuteur;
			productName = Minuteur;
			productReference = A569F8501E841E9A00D266A2 /* Minuteur.app */;
			productType = "com.apple.product-type.application";
		};
/* End PBXNativeTarget section */

/* Begin PBXProject section */
		A569F8481E841E9A00D266A2 /* Project object */ = {
			isa = PBXProject;
			attributes = {
				LastSwiftUpdateCheck = 0820;
				LastUpgradeCheck = 0820;
				ORGANIZATIONNAME = "frederic radigoy";
				TargetAttributes = {
					A569F84F1E841E9A00D266A2 = {
						CreatedOnToolsVersion = 8.2.1;
						ProvisioningStyle = Manual;
					};
				};
			};
			buildConfigurationList = A569F84B1E841E9A00D266A2 /* Build configuration list for PBXProject "Minuteur" */;
			compatibilityVersion = "Xcode 3.2";
			developmentRegion = English;
			hasScannedForEncodings = 0;
			knownRegions = (
				en,
				Base,
			);
			mainGroup = A569F8471E841E9A00D266A2;
			productRefGroup = A569F8511E841E9A00D266A2 /* Products */;
			projectDirPath = "";
			projectRoot = "";
			targets = (
				A569F84F1E841E9A00D266A2 /* Minuteur */,
			);
		};
/* End PBXProject section */

/* Begin PBXResourcesBuildPhase section */
		A569F84E1E841E9A00D266A2 /* Resources */ = {
			isa = PBXResourcesBuildPhase;
			buildActionMask = 2147483647;
			files = (
				A5BF3EC01E854BB300A9C9FF /* bip.mp3 in Resources */,
				A569F85E1E841E9A00D266A2 /* LaunchScreen.storyboard in Resources */,
				A569F85B1E841E9A00D266A2 /* Assets.xcassets in Resources */,
				A569F8591E841E9A00D266A2 /* Main.storyboard in Resources */,
				A5CAC3C41E855036000EDBFC /* alarm.mp3 in Resources */,
			);
			runOnlyForDeploymentPostprocessing = 0;
		};
/* End PBXResourcesBuildPhase section */

/* Begin PBXSourcesBuildPhase section */
		A569F84C1E841E9A00D266A2 /* Sources */ = {
			isa = PBXSourcesBuildPhase;
			buildActionMask = 2147483647;
			files = (
				A569F8561E841E9A00D266A2 /* ViewController.swift in Sources */,
				A569F8541E841E9A00D266A2 /* AppDelegate.swift in Sources */,
			);
			runOnlyForDeploymentPostprocessing = 0;
		};
/* End PBXSourcesBuildPhase section */

/* Begin PBXVariantGroup section */
		A569F8571E841E9A00D266A2 /* Main.storyboard */ = {
			isa = PBXVariantGroup;
			children = (
				A569F8581E841E9A00D266A2 /* Base */,
			);
			name = Main.storyboard;
			sourceTree = "<group>";
		};
		A569F85C1E841E9A00D266A2 /* LaunchScreen.storyboard */ = {
			isa = PBXVariantGroup;
			children = (
				A569F85D1E841E9A00D266A2 /* Base */,
			);
			name = LaunchScreen.storyboard;
			sourceTree = "<group>";
		};
/* End PBXVariantGroup section */

/* Begin XCBuildConfiguration section */
		A569F8601E841E9A00D266A2 /* Debug */ = {
			isa = XCBuildConfiguration;
			buildSettings = {
				ALWAYS_SEARCH_USER_PATHS = NO;
				CLANG_ANALYZER_NONNULL = YES;
				CLANG_CXX_LANGUAGE_STANDARD = "gnu++0x";
				CLANG_CXX_LIBRARY = "libc++";
				CLANG_ENABLE_MODULES = YES;
				CLANG_ENABLE_OBJC_ARC = YES;
				CLANG_WARN_BOOL_CONVERSION = YES;
				CLANG_WARN_CONSTANT_CONVERSION = YES;
				CLANG_WARN_DIRECT_OBJC_ISA_USAGE = YES_ERROR;
				CLANG_WARN_DOCUMENTATION_COMMENTS = YES;
				CLANG_WARN_EMPTY_BODY = YES;
				CLANG_WARN_ENUM_CONVERSION = YES;
				CLANG_WARN_INFINITE_RECURSION = YES;
				CLANG_WARN_INT_CONVERSION = YES;
				CLANG_WARN_OBJC_ROOT_CLASS = YES_ERROR;
				CLANG_WARN_SUSPICIOUS_MOVE = YES;
				CLANG_WARN_UNREACHABLE_CODE = YES;
				CLANG_WARN__DUPLICATE_METHOD_MATCH = YES;
				"CODE_SIGN_IDENTITY[sdk=iphoneos*]" = "iPhone Developer";
				COPY_PHASE_STRIP = NO;
				DEBUG_INFORMATION_FORMAT = dwarf;
				ENABLE_STRICT_OBJC_MSGSEND = YES;
				ENABLE_TESTABILITY = YES;
				GCC_C_LANGUAGE_STANDARD = gnu99;
				GCC_DYNAMIC_NO_PIC = NO;
				GCC_NO_COMMON_BLOCKS = YES;
				GCC_OPTIMIZATION_LEVEL = 0;
				GCC_PREPROCESSOR_DEFINITIONS = (
					"DEBUG=1",
					"$(inherited)",
				);
				GCC_WARN_64_TO_32_BIT_CONVERSION = YES;
				GCC_WARN_ABOUT_RETURN_TYPE = YES_ERROR;
				GCC_WARN_UNDECLARED_SELECTOR = YES;
				GCC_WARN_UNINITIALIZED_AUTOS = YES_AGGRESSIVE;
				GCC_WARN_UNUSED_FUNCTION = YES;
				GCC_WARN_UNUSED_VARIABLE = YES;
				IPHONEOS_DEPLOYMENT_TARGET = 10.2;
				MTL_ENABLE_DEBUG_INFO = YES;
				ONLY_ACTIVE_ARCH = YES;
				SDKROOT = iphoneos;
				SWIFT_ACTIVE_COMPILATION_CONDITIONS = DEBUG;
				SWIFT_OPTIMIZATION_LEVEL = "-Onone";
				TARGETED_DEVICE_FAMILY = "1,2";
			};
			name = Debug;
		};
		A569F8611E841E9A00D266A2 /* Release */ = {
			isa = XCBuildConfiguration;
			buildSettings = {
				ALWAYS_SEARCH_USER_PATHS = NO;
				CLANG_ANALYZER_NONNULL = YES;
				CLANG_CXX_LANGUAGE_STANDARD = "gnu++0x";
				CLANG_CXX_LIBRARY = "libc++";
				CLANG_ENABLE_MODULES = YES;
				CLANG_ENABLE_OBJC_ARC = YES;
				CLANG_WARN_BOOL_CONVERSION = YES;
				CLANG_WARN_CONSTANT_CONVERSION = YES;
				CLANG_WARN_DIRECT_OBJC_ISA_USAGE = YES_ERROR;
				CLANG_WARN_DOCUMENTATION_COMMENTS = YES;
				CLANG_WARN_EMPTY_BODY = YES;
				CLANG_WARN_ENUM_CONVERSION = YES;
				CLANG_WARN_INFINITE_RECURSION = YES;
				CLANG_WARN_INT_CONVERSION = YES;
				CLANG_WARN_OBJC_ROOT_CLASS = YES_ERROR;
				CLANG_WARN_SUSPICIOUS_MOVE = YES;
				CLANG_WARN_UNREACHABLE_CODE = YES;
				CLANG_WARN__DUPLICATE_METHOD_MATCH = YES;
				"CODE_SIGN_IDENTITY[sdk=iphoneos*]" = "iPhone Developer";
				COPY_PHASE_STRIP = NO;
				DEBUG_INFORMATION_FORMAT = "dwarf-with-dsym";
				ENABLE_NS_ASSERTIONS = NO;
				ENABLE_STRICT_OBJC_MSGSEND = YES;
				GCC_C_LANGUAGE_STANDARD = gnu99;
				GCC_NO_COMMON_BLOCKS = YES;
				GCC_WARN_64_TO_32_BIT_CONVERSION = YES;
				GCC_WARN_ABOUT_RETURN_TYPE = YES_ERROR;
				GCC_WARN_UNDECLARED_SELECTOR = YES;
				GCC_WARN_UNINITIALIZED_AUTOS = YES_AGGRESSIVE;
				GCC_WARN_UNUSED_FUNCTION = YES;
				GCC_WARN_UNUSED_VARIABLE = YES;
				IPHONEOS_DEPLOYMENT_TARGET = 10.2;
				MTL_ENABLE_DEBUG_INFO = NO;
				SDKROOT = iphoneos;
				SWIFT_OPTIMIZATION_LEVEL = "-Owholemodule";
				TARGETED_DEVICE_FAMILY = "1,2";
				VALIDATE_PRODUCT = YES;
			};
			name = Release;
		};
		A569F8631E841E9A00D266A2 /* Debug */ = {
			isa = XCBuildConfiguration;
			buildSettings = {
				ASSETCATALOG_COMPILER_APPICON_NAME = AppIcon;
				DEVELOPMENT_TEAM = "";
				INFOPLIST_FILE = Minuteur/Info.plist;
				LD_RUNPATH_SEARCH_PATHS = "$(inherited) @executable_path/Frameworks";
				PRODUCT_BUNDLE_IDENTIFIER = fr.blacksmash.Minuteur;
				PRODUCT_NAME = "$(TARGET_NAME)";
				SWIFT_VERSION = 3.0;
			};
			name = Debug;
		};
		A569F8641E841E9A00D266A2 /* Release */ = {
			isa = XCBuildConfiguration;
			buildSettings = {
				ASSETCATALOG_COMPILER_APPICON_NAME = AppIcon;
				DEVELOPMENT_TEAM = "";
				INFOPLIST_FILE = Minuteur/Info.plist;
				LD_RUNPATH_SEARCH_PATHS = "$(inherited) @executable_path/Frameworks";
				PRODUCT_BUNDLE_IDENTIFIER = fr.blacksmash.Minuteur;
				PRODUCT_NAME = "$(TARGET_NAME)";
				SWIFT_VERSION = 3.0;
			};
			name = Release;
		};
/* End XCBuildConfiguration section */

/* Begin XCConfigurationList section */
		A569F84B1E841E9A00D266A2 /* Build configuration list for PBXProject "Minuteur" */ = {
			isa = XCConfigurationList;
			buildConfigurations = (
				A569F8601E841E9A00D266A2 /* Debug */,
				A569F8611E841E9A00D266A2 /* Release */,
			);
			defaultConfigurationIsVisible = 0;
			defaultConfigurationName = Release;
		};
		A569F8621E841E9A00D266A2 /* Build configuration list for PBXNativeTarget "Minuteur" */ = {
			isa = XCConfigurationList;
			buildConfigurations = (
				A569F8631E841E9A00D266A2 /* Debug */,
				A569F8641E841E9A00D266A2 /* Release */,
			);
			defaultConfigurationIsVisible = 0;
			defaultConfigurationName = Release;
		};
/* End XCConfigurationList section */
	};
	rootObject = A569F8481E841E9A00D266A2 /* Project object */;
}
