// !$*UTF8*$!
{
	archiveVersion = 1;
	classes = {
	};
	objectVersion = 46;
	objects = {

/* Begin PBXBuildFile section */
		A52BE0041E89102800C33F99 /* AppDelegate.swift in Sources */ = {isa = PBXBuildFile; fileRef = A52BE0031E89102800C33F99 /* AppDelegate.swift */; };
		A52BE0061E89102800C33F99 /* ViewController.swift in Sources */ = {isa = PBXBuildFile; fileRef = A52BE0051E89102800C33F99 /* ViewController.swift */; };
		A52BE0091E89102800C33F99 /* Main.storyboard in Resources */ = {isa = PBXBuildFile; fileRef = A52BE0071E89102800C33F99 /* Main.storyboard */; };
		A52BE00B1E89102800C33F99 /* Assets.xcassets in Resources */ = {isa = PBXBuildFile; fileRef = A52BE00A1E89102800C33F99 /* Assets.xcassets */; };
		A52BE00E1E89102800C33F99 /* LaunchScreen.storyboard in Resources */ = {isa = PBXBuildFile; fileRef = A52BE00C1E89102800C33F99 /* LaunchScreen.storyboard */; };
/* End PBXBuildFile section */

/* Begin PBXFileReference section */
		A52BE0001E89102800C33F99 /* tipCalculor.app */ = {isa = PBXFileReference; explicitFileType = wrapper.application; includeInIndex = 0; path = tipCalculor.app; sourceTree = BUILT_PRODUCTS_DIR; };
		A52BE0031E89102800C33F99 /* AppDelegate.swift */ = {isa = PBXFileReference; lastKnownFileType = sourcecode.swift; path = AppDelegate.swift; sourceTree = "<group>"; };
		A52BE0051E89102800C33F99 /* ViewController.swift */ = {isa = PBXFileReference; lastKnownFileType = sourcecode.swift; path = ViewController.swift; sourceTree = "<group>"; };
		A52BE0081E89102800C33F99 /* Base */ = {isa = PBXFileReference; lastKnownFileType = file.storyboard; name = Base; path = Base.lproj/Main.storyboard; sourceTree = "<group>"; };
		A52BE00A1E89102800C33F99 /* Assets.xcassets */ = {isa = PBXFileReference; lastKnownFileType = folder.assetcatalog; path = Assets.xcassets; sourceTree = "<group>"; };
		A52BE00D1E89102800C33F99 /* Base */ = {isa = PBXFileReference; lastKnownFileType = file.storyboard; name = Base; path = Base.lproj/LaunchScreen.storyboard; sourceTree = "<group>"; };
		A52BE00F1E89102800C33F99 /* Info.plist */ = {isa = PBXFileReference; lastKnownFileType = text.plist.xml; path = Info.plist; sourceTree = "<group>"; };
/* End PBXFileReference section */

/* Begin PBXFrameworksBuildPhase section */
		A52BDFFD1E89102800C33F99 /* Frameworks */ = {
			isa = PBXFrameworksBuildPhase;
			buildActionMask = 2147483647;
			files = (
			);
			runOnlyForDeploymentPostprocessing = 0;
		};
/* End PBXFrameworksBuildPhase section */

/* Begin PBXGroup section */
		A52BDFF71E89102800C33F99 = {
			isa = PBXGroup;
			children = (
				A52BE0021E89102800C33F99 /* tipCalculor */,
				A52BE0011E89102800C33F99 /* Products */,
			);
			sourceTree = "<group>";
		};
		A52BE0011E89102800C33F99 /* Products */ = {
			isa = PBXGroup;
			children = (
				A52BE0001E89102800C33F99 /* tipCalculor.app */,
			);
			name = Products;
			sourceTree = "<group>";
		};
		A52BE0021E89102800C33F99 /* tipCalculor */ = {
			isa = PBXGroup;
			children = (
				A52BE0031E89102800C33F99 /* AppDelegate.swift */,
				A52BE0051E89102800C33F99 /* ViewController.swift */,
				A52BE0071E89102800C33F99 /* Main.storyboard */,
				A52BE00A1E89102800C33F99 /* Assets.xcassets */,
				A52BE00C1E89102800C33F99 /* LaunchScreen.storyboard */,
				A52BE00F1E89102800C33F99 /* Info.plist */,
			);
			path = tipCalculor;
			sourceTree = "<group>";
		};
/* End PBXGroup section */

/* Begin PBXNativeTarget section */
		A52BDFFF1E89102800C33F99 /* tipCalculor */ = {
			isa = PBXNativeTarget;
			buildConfigurationList = A52BE0121E89102800C33F99 /* Build configuration list for PBXNativeTarget "tipCalculor" */;
			buildPhases = (
				A52BDFFC1E89102800C33F99 /* Sources */,
				A52BDFFD1E89102800C33F99 /* Frameworks */,
				A52BDFFE1E89102800C33F99 /* Resources */,
			);
			buildRules = (
			);
			dependencies = (
			);
			name = tipCalculor;
			productName = tipCalculor;
			productReference = A52BE0001E89102800C33F99 /* tipCalculor.app */;
			productType = "com.apple.product-type.application";
		};
/* End PBXNativeTarget section */

/* Begin PBXProject section */
		A52BDFF81E89102800C33F99 /* Project object */ = {
			isa = PBXProject;
			attributes = {
				LastSwiftUpdateCheck = 0820;
				LastUpgradeCheck = 0820;
				ORGANIZATIONNAME = "frederic radigoy";
				TargetAttributes = {
					A52BDFFF1E89102800C33F99 = {
						CreatedOnToolsVersion = 8.2.1;
						DevelopmentTeam = 7Z7PEWCK74;
						ProvisioningStyle = Automatic;
					};
				};
			};
			buildConfigurationList = A52BDFFB1E89102800C33F99 /* Build configuration list for PBXProject "tipCalculor" */;
			compatibilityVersion = "Xcode 3.2";
			developmentRegion = English;
			hasScannedForEncodings = 0;
			knownRegions = (
				en,
				Base,
			);
			mainGroup = A52BDFF71E89102800C33F99;
			productRefGroup = A52BE0011E89102800C33F99 /* Products */;
			projectDirPath = "";
			projectRoot = "";
			targets = (
				A52BDFFF1E89102800C33F99 /* tipCalculor */,
			);
		};
/* End PBXProject section */

/* Begin PBXResourcesBuildPhase section */
		A52BDFFE1E89102800C33F99 /* Resources */ = {
			isa = PBXResourcesBuildPhase;
			buildActionMask = 2147483647;
			files = (
				A52BE00E1E89102800C33F99 /* LaunchScreen.storyboard in Resources */,
				A52BE00B1E89102800C33F99 /* Assets.xcassets in Resources */,
				A52BE0091E89102800C33F99 /* Main.storyboard in Resources */,
			);
			runOnlyForDeploymentPostprocessing = 0;
		};
/* End PBXResourcesBuildPhase section */

/* Begin PBXSourcesBuildPhase section */
		A52BDFFC1E89102800C33F99 /* Sources */ = {
			isa = PBXSourcesBuildPhase;
			buildActionMask = 2147483647;
			files = (
				A52BE0061E89102800C33F99 /* ViewController.swift in Sources */,
				A52BE0041E89102800C33F99 /* AppDelegate.swift in Sources */,
			);
			runOnlyForDeploymentPostprocessing = 0;
		};
/* End PBXSourcesBuildPhase section */

/* Begin PBXVariantGroup section */
		A52BE0071E89102800C33F99 /* Main.storyboard */ = {
			isa = PBXVariantGroup;
			children = (
				A52BE0081E89102800C33F99 /* Base */,
			);
			name = Main.storyboard;
			sourceTree = "<group>";
		};
		A52BE00C1E89102800C33F99 /* LaunchScreen.storyboard */ = {
			isa = PBXVariantGroup;
			children = (
				A52BE00D1E89102800C33F99 /* Base */,
			);
			name = LaunchScreen.storyboard;
			sourceTree = "<group>";
		};
/* End PBXVariantGroup section */

/* Begin XCBuildConfiguration section */
		A52BE0101E89102800C33F99 /* Debug */ = {
			isa = XCBuildConfiguration;
			buildSettings = {
				ALWAYS_SEARCH_USER_PATHS = NO;
				CLANG_ANALYZER_NONNULL = YES;
				CLANG_CXX_LANGUAGE_STANDARD = "gnu++0x";
				CLANG_CXX_LIBRARY = "libc++";
				CLANG_ENABLE_MODULES = YES;
				CLANG_ENABLE_OBJC_ARC = YES;
				CLANG_WARN_BOOL_CONVERSION = YES;
				CLANG_WARN_CONSTANT_CONVERSION = YES;
				CLANG_WARN_DIRECT_OBJC_ISA_USAGE = YES_ERROR;
				CLANG_WARN_DOCUMENTATION_COMMENTS = YES;
				CLANG_WARN_EMPTY_BODY = YES;
				CLANG_WARN_ENUM_CONVERSION = YES;
				CLANG_WARN_INFINITE_RECURSION = YES;
				CLANG_WARN_INT_CONVERSION = YES;
				CLANG_WARN_OBJC_ROOT_CLASS = YES_ERROR;
				CLANG_WARN_SUSPICIOUS_MOVE = YES;
				CLANG_WARN_UNREACHABLE_CODE = YES;
				CLANG_WARN__DUPLICATE_METHOD_MATCH = YES;
				"CODE_SIGN_IDENTITY[sdk=iphoneos*]" = "iPhone Developer";
				COPY_PHASE_STRIP = NO;
				DEBUG_INFORMATION_FORMAT = dwarf;
				ENABLE_STRICT_OBJC_MSGSEND = YES;
				ENABLE_TESTABILITY = YES;
				GCC_C_LANGUAGE_STANDARD = gnu99;
				GCC_DYNAMIC_NO_PIC = NO;
				GCC_NO_COMMON_BLOCKS = YES;
				GCC_OPTIMIZATION_LEVEL = 0;
				GCC_PREPROCESSOR_DEFINITIONS = (
					"DEBUG=1",
					"$(inherited)",
				);
				GCC_WARN_64_TO_32_BIT_CONVERSION = YES;
				GCC_WARN_ABOUT_RETURN_TYPE = YES_ERROR;
				GCC_WARN_UNDECLARED_SELECTOR = YES;
				GCC_WARN_UNINITIALIZED_AUTOS = YES_AGGRESSIVE;
				GCC_WARN_UNUSED_FUNCTION = YES;
				GCC_WARN_UNUSED_VARIABLE = YES;
				IPHONEOS_DEPLOYMENT_TARGET = 10.2;
				MTL_ENABLE_DEBUG_INFO = YES;
				ONLY_ACTIVE_ARCH = YES;
				SDKROOT = iphoneos;
				SWIFT_ACTIVE_COMPILATION_CONDITIONS = DEBUG;
				SWIFT_OPTIMIZATION_LEVEL = "-Onone";
				TARGETED_DEVICE_FAMILY = "1,2";
			};
			name = Debug;
		};
		A52BE0111E89102800C33F99 /* Release */ = {
			isa = XCBuildConfiguration;
			buildSettings = {
				ALWAYS_SEARCH_USER_PATHS = NO;
				CLANG_ANALYZER_NONNULL = YES;
				CLANG_CXX_LANGUAGE_STANDARD = "gnu++0x";
				CLANG_CXX_LIBRARY = "libc++";
				CLANG_ENABLE_MODULES = YES;
				CLANG_ENABLE_OBJC_ARC = YES;
				CLANG_WARN_BOOL_CONVERSION = YES;
				CLANG_WARN_CONSTANT_CONVERSION = YES;
				CLANG_WARN_DIRECT_OBJC_ISA_USAGE = YES_ERROR;
				CLANG_WARN_DOCUMENTATION_COMMENTS = YES;
				CLANG_WARN_EMPTY_BODY = YES;
				CLANG_WARN_ENUM_CONVERSION = YES;
				CLANG_WARN_INFINITE_RECURSION = YES;
				CLANG_WARN_INT_CONVERSION = YES;
				CLANG_WARN_OBJC_ROOT_CLASS = YES_ERROR;
				CLANG_WARN_SUSPICIOUS_MOVE = YES;
				CLANG_WARN_UNREACHABLE_CODE = YES;
				CLANG_WARN__DUPLICATE_METHOD_MATCH = YES;
				"CODE_SIGN_IDENTITY[sdk=iphoneos*]" = "iPhone Developer";
				COPY_PHASE_STRIP = NO;
				DEBUG_INFORMATION_FORMAT = "dwarf-with-dsym";
				ENABLE_NS_ASSERTIONS = NO;
				ENABLE_STRICT_OBJC_MSGSEND = YES;
				GCC_C_LANGUAGE_STANDARD = gnu99;
				GCC_NO_COMMON_BLOCKS = YES;
				GCC_WARN_64_TO_32_BIT_CONVERSION = YES;
				GCC_WARN_ABOUT_RETURN_TYPE = YES_ERROR;
				GCC_WARN_UNDECLARED_SELECTOR = YES;
				GCC_WARN_UNINITIALIZED_AUTOS = YES_AGGRESSIVE;
				GCC_WARN_UNUSED_FUNCTION = YES;
				GCC_WARN_UNUSED_VARIABLE = YES;
				IPHONEOS_DEPLOYMENT_TARGET = 10.2;
				MTL_ENABLE_DEBUG_INFO = NO;
				SDKROOT = iphoneos;
				SWIFT_OPTIMIZATION_LEVEL = "-Owholemodule";
				TARGETED_DEVICE_FAMILY = "1,2";
				VALIDATE_PRODUCT = YES;
			};
			name = Release;
		};
		A52BE0131E89102800C33F99 /* Debug */ = {
			isa = XCBuildConfiguration;
			buildSettings = {
				ASSETCATALOG_COMPILER_APPICON_NAME = AppIcon;
				DEVELOPMENT_TEAM = 7Z7PEWCK74;
				INFOPLIST_FILE = tipCalculor/Info.plist;
				LD_RUNPATH_SEARCH_PATHS = "$(inherited) @executable_path/Frameworks";
				PRODUCT_BUNDLE_IDENTIFIER = fr.blacksmash.tipCalculor;
				PRODUCT_NAME = "$(TARGET_NAME)";
				SWIFT_VERSION = 3.0;
			};
			name = Debug;
		};
		A52BE0141E89102800C33F99 /* Release */ = {
			isa = XCBuildConfiguration;
			buildSettings = {
				ASSETCATALOG_COMPILER_APPICON_NAME = AppIcon;
				DEVELOPMENT_TEAM = 7Z7PEWCK74;
				INFOPLIST_FILE = tipCalculor/Info.plist;
				LD_RUNPATH_SEARCH_PATHS = "$(inherited) @executable_path/Frameworks";
				PRODUCT_BUNDLE_IDENTIFIER = fr.blacksmash.tipCalculor;
				PRODUCT_NAME = "$(TARGET_NAME)";
				SWIFT_VERSION = 3.0;
			};
			name = Release;
		};
/* End XCBuildConfiguration section */

/* Begin XCConfigurationList section */
		A52BDFFB1E89102800C33F99 /* Build configuration list for PBXProject "tipCalculor" */ = {
			isa = XCConfigurationList;
			buildConfigurations = (
				A52BE0101E89102800C33F99 /* Debug */,
				A52BE0111E89102800C33F99 /* Release */,
			);
			defaultConfigurationIsVisible = 0;
			defaultConfigurationName = Release;
		};
		A52BE0121E89102800C33F99 /* Build configuration list for PBXNativeTarget "tipCalculor" */ = {
			isa = XCConfigurationList;
			buildConfigurations = (
				A52BE0131E89102800C33F99 /* Debug */,
				A52BE0141E89102800C33F99 /* Release */,
			);
			defaultConfigurationIsVisible = 0;
		};
/* End XCConfigurationList section */
	};
	rootObject = A52BDFF81E89102800C33F99 /* Project object */;
}
