// !$*UTF8*$!
{
	archiveVersion = 1;
	classes = {
	};
	objectVersion = 46;
	objects = {

/* Begin PBXBuildFile section */
		A5D444191E8E919A0058BCA2 /* AppDelegate.swift in Sources */ = {isa = PBXBuildFile; fileRef = A5D444181E8E919A0058BCA2 /* AppDelegate.swift */; };
		A5D4441B1E8E919A0058BCA2 /* ViewController.swift in Sources */ = {isa = PBXBuildFile; fileRef = A5D4441A1E8E919A0058BCA2 /* ViewController.swift */; };
		A5D4441E1E8E919A0058BCA2 /* Main.storyboard in Resources */ = {isa = PBXBuildFile; fileRef = A5D4441C1E8E919A0058BCA2 /* Main.storyboard */; };
		A5D444211E8E919A0058BCA2 /* DemoCoreData.xcdatamodeld in Sources */ = {isa = PBXBuildFile; fileRef = A5D4441F1E8E919A0058BCA2 /* DemoCoreData.xcdatamodeld */; };
		A5D444231E8E919A0058BCA2 /* Assets.xcassets in Resources */ = {isa = PBXBuildFile; fileRef = A5D444221E8E919A0058BCA2 /* Assets.xcassets */; };
		A5D444261E8E919A0058BCA2 /* LaunchScreen.storyboard in Resources */ = {isa = PBXBuildFile; fileRef = A5D444241E8E919A0058BCA2 /* LaunchScreen.storyboard */; };
/* End PBXBuildFile section */

/* Begin PBXFileReference section */
		A5D444151E8E919A0058BCA2 /* DemoCoreData.app */ = {isa = PBXFileReference; explicitFileType = wrapper.application; includeInIndex = 0; path = DemoCoreData.app; sourceTree = BUILT_PRODUCTS_DIR; };
		A5D444181E8E919A0058BCA2 /* AppDelegate.swift */ = {isa = PBXFileReference; lastKnownFileType = sourcecode.swift; path = AppDelegate.swift; sourceTree = "<group>"; };
		A5D4441A1E8E919A0058BCA2 /* ViewController.swift */ = {isa = PBXFileReference; lastKnownFileType = sourcecode.swift; path = ViewController.swift; sourceTree = "<group>"; };
		A5D4441D1E8E919A0058BCA2 /* Base */ = {isa = PBXFileReference; lastKnownFileType = file.storyboard; name = Base; path = Base.lproj/Main.storyboard; sourceTree = "<group>"; };
		A5D444201E8E919A0058BCA2 /* DemoCoreData.xcdatamodel */ = {isa = PBXFileReference; lastKnownFileType = wrapper.xcdatamodel; path = DemoCoreData.xcdatamodel; sourceTree = "<group>"; };
		A5D444221E8E919A0058BCA2 /* Assets.xcassets */ = {isa = PBXFileReference; lastKnownFileType = folder.assetcatalog; path = Assets.xcassets; sourceTree = "<group>"; };
		A5D444251E8E919A0058BCA2 /* Base */ = {isa = PBXFileReference; lastKnownFileType = file.storyboard; name = Base; path = Base.lproj/LaunchScreen.storyboard; sourceTree = "<group>"; };
		A5D444271E8E919A0058BCA2 /* Info.plist */ = {isa = PBXFileReference; lastKnownFileType = text.plist.xml; path = Info.plist; sourceTree = "<group>"; };
/* End PBXFileReference section */

/* Begin PBXFrameworksBuildPhase section */
		A5D444121E8E919A0058BCA2 /* Frameworks */ = {
			isa = PBXFrameworksBuildPhase;
			buildActionMask = 2147483647;
			files = (
			);
			runOnlyForDeploymentPostprocessing = 0;
		};
/* End PBXFrameworksBuildPhase section */

/* Begin PBXGroup section */
		A5D4440C1E8E919A0058BCA2 = {
			isa = PBXGroup;
			children = (
				A5D444171E8E919A0058BCA2 /* DemoCoreData */,
				A5D444161E8E919A0058BCA2 /* Products */,
			);
			sourceTree = "<group>";
		};
		A5D444161E8E919A0058BCA2 /* Products */ = {
			isa = PBXGroup;
			children = (
				A5D444151E8E919A0058BCA2 /* DemoCoreData.app */,
			);
			name = Products;
			sourceTree = "<group>";
		};
		A5D444171E8E919A0058BCA2 /* DemoCoreData */ = {
			isa = PBXGroup;
			children = (
				A5D444181E8E919A0058BCA2 /* AppDelegate.swift */,
				A5D4441A1E8E919A0058BCA2 /* ViewController.swift */,
				A5D4441C1E8E919A0058BCA2 /* Main.storyboard */,
				A5D444221E8E919A0058BCA2 /* Assets.xcassets */,
				A5D444241E8E919A0058BCA2 /* LaunchScreen.storyboard */,
				A5D444271E8E919A0058BCA2 /* Info.plist */,
				A5D4441F1E8E919A0058BCA2 /* DemoCoreData.xcdatamodeld */,
			);
			path = DemoCoreData;
			sourceTree = "<group>";
		};
/* End PBXGroup section */

/* Begin PBXNativeTarget section */
		A5D444141E8E919A0058BCA2 /* DemoCoreData */ = {
			isa = PBXNativeTarget;
			buildConfigurationList = A5D4442A1E8E919A0058BCA2 /* Build configuration list for PBXNativeTarget "DemoCoreData" */;
			buildPhases = (
				A5D444111E8E919A0058BCA2 /* Sources */,
				A5D444121E8E919A0058BCA2 /* Frameworks */,
				A5D444131E8E919A0058BCA2 /* Resources */,
			);
			buildRules = (
			);
			dependencies = (
			);
			name = DemoCoreData;
			productName = DemoCoreData;
			productReference = A5D444151E8E919A0058BCA2 /* DemoCoreData.app */;
			productType = "com.apple.product-type.application";
		};
/* End PBXNativeTarget section */

/* Begin PBXProject section */
		A5D4440D1E8E919A0058BCA2 /* Project object */ = {
			isa = PBXProject;
			attributes = {
				LastSwiftUpdateCheck = 0830;
				LastUpgradeCheck = 0830;
				ORGANIZATIONNAME = "frederic radigoy";
				TargetAttributes = {
					A5D444141E8E919A0058BCA2 = {
						CreatedOnToolsVersion = 8.3;
						DevelopmentTeam = 7Z7PEWCK74;
						ProvisioningStyle = Automatic;
					};
				};
			};
			buildConfigurationList = A5D444101E8E919A0058BCA2 /* Build configuration list for PBXProject "DemoCoreData" */;
			compatibilityVersion = "Xcode 3.2";
			developmentRegion = English;
			hasScannedForEncodings = 0;
			knownRegions = (
				en,
				Base,
			);
			mainGroup = A5D4440C1E8E919A0058BCA2;
			productRefGroup = A5D444161E8E919A0058BCA2 /* Products */;
			projectDirPath = "";
			projectRoot = "";
			targets = (
				A5D444141E8E919A0058BCA2 /* DemoCoreData */,
			);
		};
/* End PBXProject section */

/* Begin PBXResourcesBuildPhase section */
		A5D444131E8E919A0058BCA2 /* Resources */ = {
			isa = PBXResourcesBuildPhase;
			buildActionMask = 2147483647;
			files = (
				A5D444261E8E919A0058BCA2 /* LaunchScreen.storyboard in Resources */,
				A5D444231E8E919A0058BCA2 /* Assets.xcassets in Resources */,
				A5D4441E1E8E919A0058BCA2 /* Main.storyboard in Resources */,
			);
			runOnlyForDeploymentPostprocessing = 0;
		};
/* End PBXResourcesBuildPhase section */

/* Begin PBXSourcesBuildPhase section */
		A5D444111E8E919A0058BCA2 /* Sources */ = {
			isa = PBXSourcesBuildPhase;
			buildActionMask = 2147483647;
			files = (
				A5D4441B1E8E919A0058BCA2 /* ViewController.swift in Sources */,
				A5D444211E8E919A0058BCA2 /* DemoCoreData.xcdatamodeld in Sources */,
				A5D444191E8E919A0058BCA2 /* AppDelegate.swift in Sources */,
			);
			runOnlyForDeploymentPostprocessing = 0;
		};
/* End PBXSourcesBuildPhase section */

/* Begin PBXVariantGroup section */
		A5D4441C1E8E919A0058BCA2 /* Main.storyboard */ = {
			isa = PBXVariantGroup;
			children = (
				A5D4441D1E8E919A0058BCA2 /* Base */,
			);
			name = Main.storyboard;
			sourceTree = "<group>";
		};
		A5D444241E8E919A0058BCA2 /* LaunchScreen.storyboard */ = {
			isa = PBXVariantGroup;
			children = (
				A5D444251E8E919A0058BCA2 /* Base */,
			);
			name = LaunchScreen.storyboard;
			sourceTree = "<group>";
		};
/* End PBXVariantGroup section */

/* Begin XCBuildConfiguration section */
		A5D444281E8E919A0058BCA2 /* Debug */ = {
			isa = XCBuildConfiguration;
			buildSettings = {
				ALWAYS_SEARCH_USER_PATHS = NO;
				CLANG_ANALYZER_NONNULL = YES;
				CLANG_ANALYZER_NUMBER_OBJECT_CONVERSION = YES_AGGRESSIVE;
				CLANG_CXX_LANGUAGE_STANDARD = "gnu++0x";
				CLANG_CXX_LIBRARY = "libc++";
				CLANG_ENABLE_MODULES = YES;
				CLANG_ENABLE_OBJC_ARC = YES;
				CLANG_WARN_BOOL_CONVERSION = YES;
				CLANG_WARN_CONSTANT_CONVERSION = YES;
				CLANG_WARN_DIRECT_OBJC_ISA_USAGE = YES_ERROR;
				CLANG_WARN_DOCUMENTATION_COMMENTS = YES;
				CLANG_WARN_EMPTY_BODY = YES;
				CLANG_WARN_ENUM_CONVERSION = YES;
				CLANG_WARN_INFINITE_RECURSION = YES;
				CLANG_WARN_INT_CONVERSION = YES;
				CLANG_WARN_OBJC_ROOT_CLASS = YES_ERROR;
				CLANG_WARN_SUSPICIOUS_MOVE = YES;
				CLANG_WARN_UNREACHABLE_CODE = YES;
				CLANG_WARN__DUPLICATE_METHOD_MATCH = YES;
				"CODE_SIGN_IDENTITY[sdk=iphoneos*]" = "iPhone Developer";
				COPY_PHASE_STRIP = NO;
				DEBUG_INFORMATION_FORMAT = dwarf;
				ENABLE_STRICT_OBJC_MSGSEND = YES;
				ENABLE_TESTABILITY = YES;
				GCC_C_LANGUAGE_STANDARD = gnu99;
				GCC_DYNAMIC_NO_PIC = NO;
				GCC_NO_COMMON_BLOCKS = YES;
				GCC_OPTIMIZATION_LEVEL = 0;
				GCC_PREPROCESSOR_DEFINITIONS = (
					"DEBUG=1",
					"$(inherited)",
				);
				GCC_WARN_64_TO_32_BIT_CONVERSION = YES;
				GCC_WARN_ABOUT_RETURN_TYPE = YES_ERROR;
				GCC_WARN_UNDECLARED_SELECTOR = YES;
				GCC_WARN_UNINITIALIZED_AUTOS = YES_AGGRESSIVE;
				GCC_WARN_UNUSED_FUNCTION = YES;
				GCC_WARN_UNUSED_VARIABLE = YES;
				IPHONEOS_DEPLOYMENT_TARGET = 10.3;
				MTL_ENABLE_DEBUG_INFO = YES;
				ONLY_ACTIVE_ARCH = YES;
				SDKROOT = iphoneos;
				SWIFT_ACTIVE_COMPILATION_CONDITIONS = DEBUG;
				SWIFT_OPTIMIZATION_LEVEL = "-Onone";
				TARGETED_DEVICE_FAMILY = "1,2";
			};
			name = Debug;
		};
		A5D444291E8E919A0058BCA2 /* Release */ = {
			isa = XCBuildConfiguration;
			buildSettings = {
				ALWAYS_SEARCH_USER_PATHS = NO;
				CLANG_ANALYZER_NONNULL = YES;
				CLANG_ANALYZER_NUMBER_OBJECT_CONVERSION = YES_AGGRESSIVE;
				CLANG_CXX_LANGUAGE_STANDARD = "gnu++0x";
				CLANG_CXX_LIBRARY = "libc++";
				CLANG_ENABLE_MODULES = YES;
				CLANG_ENABLE_OBJC_ARC = YES;
				CLANG_WARN_BOOL_CONVERSION = YES;
				CLANG_WARN_CONSTANT_CONVERSION = YES;
				CLANG_WARN_DIRECT_OBJC_ISA_USAGE = YES_ERROR;
				CLANG_WARN_DOCUMENTATION_COMMENTS = YES;
				CLANG_WARN_EMPTY_BODY = YES;
				CLANG_WARN_ENUM_CONVERSION = YES;
				CLANG_WARN_INFINITE_RECURSION = YES;
				CLANG_WARN_INT_CONVERSION = YES;
				CLANG_WARN_OBJC_ROOT_CLASS = YES_ERROR;
				CLANG_WARN_SUSPICIOUS_MOVE = YES;
				CLANG_WARN_UNREACHABLE_CODE = YES;
				CLANG_WARN__DUPLICATE_METHOD_MATCH = YES;
				"CODE_SIGN_IDENTITY[sdk=iphoneos*]" = "iPhone Developer";
				COPY_PHASE_STRIP = NO;
				DEBUG_INFORMATION_FORMAT = "dwarf-with-dsym";
				ENABLE_NS_ASSERTIONS = NO;
				ENABLE_STRICT_OBJC_MSGSEND = YES;
				GCC_C_LANGUAGE_STANDARD = gnu99;
				GCC_NO_COMMON_BLOCKS = YES;
				GCC_WARN_64_TO_32_BIT_CONVERSION = YES;
				GCC_WARN_ABOUT_RETURN_TYPE = YES_ERROR;
				GCC_WARN_UNDECLARED_SELECTOR = YES;
				GCC_WARN_UNINITIALIZED_AUTOS = YES_AGGRESSIVE;
				GCC_WARN_UNUSED_FUNCTION = YES;
				GCC_WARN_UNUSED_VARIABLE = YES;
				IPHONEOS_DEPLOYMENT_TARGET = 10.3;
				MTL_ENABLE_DEBUG_INFO = NO;
				SDKROOT = iphoneos;
				SWIFT_OPTIMIZATION_LEVEL = "-Owholemodule";
				TARGETED_DEVICE_FAMILY = "1,2";
				VALIDATE_PRODUCT = YES;
			};
			name = Release;
		};
		A5D4442B1E8E919A0058BCA2 /* Debug */ = {
			isa = XCBuildConfiguration;
			buildSettings = {
				ASSETCATALOG_COMPILER_APPICON_NAME = AppIcon;
				DEVELOPMENT_TEAM = 7Z7PEWCK74;
				INFOPLIST_FILE = DemoCoreData/Info.plist;
				LD_RUNPATH_SEARCH_PATHS = "$(inherited) @executable_path/Frameworks";
				PRODUCT_BUNDLE_IDENTIFIER = fr.blacksmash.DemoCoreData;
				PRODUCT_NAME = "$(TARGET_NAME)";
				SWIFT_VERSION = 3.0;
			};
			name = Debug;
		};
		A5D4442C1E8E919A0058BCA2 /* Release */ = {
			isa = XCBuildConfiguration;
			buildSettings = {
				ASSETCATALOG_COMPILER_APPICON_NAME = AppIcon;
				DEVELOPMENT_TEAM = 7Z7PEWCK74;
				INFOPLIST_FILE = DemoCoreData/Info.plist;
				LD_RUNPATH_SEARCH_PATHS = "$(inherited) @executable_path/Frameworks";
				PRODUCT_BUNDLE_IDENTIFIER = fr.blacksmash.DemoCoreData;
				PRODUCT_NAME = "$(TARGET_NAME)";
				SWIFT_VERSION = 3.0;
			};
			name = Release;
		};
/* End XCBuildConfiguration section */

/* Begin XCConfigurationList section */
		A5D444101E8E919A0058BCA2 /* Build configuration list for PBXProject "DemoCoreData" */ = {
			isa = XCConfigurationList;
			buildConfigurations = (
				A5D444281E8E919A0058BCA2 /* Debug */,
				A5D444291E8E919A0058BCA2 /* Release */,
			);
			defaultConfigurationIsVisible = 0;
			defaultConfigurationName = Release;
		};
		A5D4442A1E8E919A0058BCA2 /* Build configuration list for PBXNativeTarget "DemoCoreData" */ = {
			isa = XCConfigurationList;
			buildConfigurations = (
				A5D4442B1E8E919A0058BCA2 /* Debug */,
				A5D4442C1E8E919A0058BCA2 /* Release */,
			);
			defaultConfigurationIsVisible = 0;
		};
/* End XCConfigurationList section */

/* Begin XCVersionGroup section */
		A5D4441F1E8E919A0058BCA2 /* DemoCoreData.xcdatamodeld */ = {
			isa = XCVersionGroup;
			children = (
				A5D444201E8E919A0058BCA2 /* DemoCoreData.xcdatamodel */,
			);
			currentVersion = A5D444201E8E919A0058BCA2 /* DemoCoreData.xcdatamodel */;
			path = DemoCoreData.xcdatamodeld;
			sourceTree = "<group>";
			versionGroupType = wrapper.xcdatamodel;
		};
/* End XCVersionGroup section */
	};
	rootObject = A5D4440D1E8E919A0058BCA2 /* Project object */;
}
